Microsoft Visual Studio Solution File, Format Version 12.00
# Visual Studio Version 17
VisualStudioVersion = 17.0.31903.59
MinimumVisualStudioVersion = 10.0.40219.1
Project("{9A19103F-16F7-4668-BE54-9A1E7A4F7556}") = "AiRagTemplate", "src\AiRagTemplate\AiRagTemplate.csproj", "{B2E9C7A1-0F3D-4A6B-9C2E-1D5F8A3B4C6D}"
EndProject
Project("{9A19103F-16F7-4668-BE54-9A1E7A4F7556}") = "AiRagTemplate.Tests", "tests\AiRagTemplate.Tests\AiRagTemplate.Tests.csproj", "{C3FA08B2-1E4D-4B7C-AD3F-2E6F9B4C5D7E}"
EndProject
Global
	GlobalSection(SolutionConfigurationPlatforms) = preSolution
		Debug|Any CPU = Debug|Any CPU
		Release|Any CPU = Release|Any CPU
	EndGlobalSection
	GlobalSection(ProjectConfigurationPlatforms) = postSolution
		{B2E9C7A1-0F3D-4A6B-9C2E-1D5F8A3B4C6D}.Debug|Any CPU.ActiveCfg = Debug|Any CPU
		{B2E9C7A1-0F3D-4A6B-9C2E-1D5F8A3B4C6D}.Debug|Any CPU.Build.0 = Debug|Any CPU
		{B2E9C7A1-0F3D-4A6B-9C2E-1D5F8A3B4C6D}.Release|Any CPU.ActiveCfg = Release|Any CPU
		{B2E9C7A1-0F3D-4A6B-9C2E-1D5F8A3B4C6D}.Release|Any CPU.Build.0 = Release|Any CPU
		{C3FA08B2-1E4D-4B7C-AD3F-2E6F9B4C5D7E}.Debug|Any CPU.ActiveCfg = Debug|Any CPU
		{C3FA08B2-1E4D-4B7C-AD3F-2E6F9B4C5D7E}.Debug|Any CPU.Build.0 = Debug|Any CPU
		{C3FA08B2-1E4D-4B7C-AD3F-2E6F9B4C5D7E}.Release|Any CPU.ActiveCfg = Release|Any CPU
		{C3FA08B2-1E4D-4B7C-AD3F-2E6F9B4C5D7E}.Release|Any CPU.Build.0 = Release|Any CPU
	EndGlobalSection
	GlobalSection(SolutionProperties) = preSolution
		HideSolutionNode = FALSE
	EndGlobalSection
EndGlobal
